{
    "version": 3,
    "terraform_version": "0.11.2",
    "serial": 5,
    "lineage": "5ffde9fb-4814-4609-a8a6-f1054f1779c1",
    "modules": [
        {
            "path": [
                "root"
            ],
            "outputs": {},
            "resources": {
                "aws_iam_role.iam_for_lambda": {
                    "type": "aws_iam_role",
                    "depends_on": [],
                    "primary": {
                        "id": "iam_for_lambda",
                        "attributes": {
                            "arn": "arn:aws:iam::387412527620:role/iam_for_lambda",
                            "assume_role_policy": "{\"Version\":\"2012-10-17\",\"Statement\":[{\"Sid\":\"\",\"Effect\":\"Allow\",\"Principal\":{\"Service\":\"lambda.amazonaws.com\"},\"Action\":\"sts:AssumeRole\"}]}",
                            "create_date": "2018-01-27T04:05:27Z",
                            "force_detach_policies": "false",
                            "id": "iam_for_lambda",
                            "name": "iam_for_lambda",
                            "path": "/",
                            "unique_id": "AROAINXWJF2AIJOZMQXOE"
                        },
                        "meta": {},
                        "tainted": false
                    },
                    "deposed": [],
                    "provider": "provider.aws"
                },
                "aws_lambda_function.query-fitbit": {
                    "type": "aws_lambda_function",
                    "depends_on": [
                        "aws_iam_role.iam_for_lambda"
                    ],
                    "primary": {
                        "id": "query-fitbit",
                        "attributes": {
                            "arn": "arn:aws:lambda:us-east-1:387412527620:function:query-fitbit",
                            "dead_letter_config.#": "0",
                            "description": "",
                            "environment.#": "0",
                            "filename": "../lambda/query-fitbit.zip",
                            "function_name": "query-fitbit",
                            "handler": "index.handler",
                            "id": "query-fitbit",
                            "invoke_arn": "arn:aws:apigateway:us-east-1:lambda:path/2015-03-31/functions/arn:aws:lambda:us-east-1:387412527620:function:query-fitbit/invocations",
                            "kms_key_arn": "",
                            "last_modified": "2018-01-27T04:15:00.067+0000",
                            "memory_size": "128",
                            "publish": "false",
                            "qualified_arn": "arn:aws:lambda:us-east-1:387412527620:function:query-fitbit:$LATEST",
                            "reserved_concurrent_executions": "0",
                            "role": "arn:aws:iam::387412527620:role/iam_for_lambda",
                            "runtime": "nodejs6.10",
                            "source_code_hash": "ETJ51AblrXi2V2oVyxlvJb22Ng0lty20Z+tj0WamfG4=",
                            "tags.%": "0",
                            "timeout": "3",
                            "tracing_config.#": "1",
                            "tracing_config.0.mode": "PassThrough",
                            "version": "$LATEST",
                            "vpc_config.#": "0"
                        },
                        "meta": {},
                        "tainted": false
                    },
                    "deposed": [],
                    "provider": "provider.aws"
                }
            },
            "depends_on": []
        }
    ]
}
